
Microsoft Visual Studio Solution File, Format Version 12.00
# Visual Studio Version 17
VisualStudioVersion = 17.12.35424.110
MinimumVisualStudioVersion = 10.0.40219.1
Project("{FAE04EC0-301F-11D3-BF4B-00C04F79EFBC}") = "BTL_XML_QL_BanGiay", "BTL_XML_QL_BanGiay\BTL_XML_QL_BanGiay.csproj", "{04A175C5-3E66-4170-9DB8-1B47320C0BAE}"
EndProject
Global
	GlobalSection(SolutionConfigurationPlatforms) = preSolution
		Debug|Any CPU = Debug|Any CPU
		Release|Any CPU = Release|Any CPU
	EndGlobalSection
	GlobalSection(ProjectConfigurationPlatforms) = postSolution
		{04A175C5-3E66-4170-9DB8-1B47320C0BAE}.Debug|Any CPU.ActiveCfg = Debug|Any CPU
		{04A175C5-3E66-4170-9DB8-1B47320C0BAE}.Debug|Any CPU.Build.0 = Debug|Any CPU
		{04A175C5-3E66-4170-9DB8-1B47320C0BAE}.Release|Any CPU.ActiveCfg = Release|Any CPU
		{04A175C5-3E66-4170-9DB8-1B47320C0BAE}.Release|Any CPU.Build.0 = Release|Any CPU
	EndGlobalSection
	GlobalSection(SolutionProperties) = preSolution
		HideSolutionNode = FALSE
	EndGlobalSection
EndGlobal
